
Microsoft Visual Studio Solution File, Format Version 12.00
# Visual Studio Version 16
VisualStudioVersion = 16.0.29609.76
MinimumVisualStudioVersion = 10.0.40219.1
Project("{2150E333-8FDC-42A3-9474-1A3956D46DE8}") = "Libraries", "Libraries", "{19A31811-99A6-4E45-B419-90587734621B}"
EndProject
Project("{9A19103F-16F7-4668-BE54-9A1E7A4F7556}") = "Mx.Library", "Libraries\Mx.Library\Mx.Library.csproj", "{2BF275A8-8435-44C3-A017-8B3BFE78EB40}"
EndProject
Project("{9A19103F-16F7-4668-BE54-9A1E7A4F7556}") = "Mx.Logging", "Libraries\Mx.Logging\Mx.Logging.csproj", "{8292DBA4-1411-4FD0-8BC9-7BD2B1DCF08A}"
EndProject
Project("{9A19103F-16F7-4668-BE54-9A1E7A4F7556}") = "Mx.EntityFramework.Contracts", "Libraries\Mx.EntityFramework.Contracts\Mx.EntityFramework.Contracts.csproj", "{2CEBD00C-BAEF-481D-8F2C-F9D76634B224}"
EndProject
Project("{9A19103F-16F7-4668-BE54-9A1E7A4F7556}") = "Mx.EntityFramework", "Libraries\Mx.EntityFramework\Mx.EntityFramework.csproj", "{B1A50C5D-ACF8-4FC9-BDC0-6FDDA60F71DF}"
EndProject
Project("{9A19103F-16F7-4668-BE54-9A1E7A4F7556}") = "Barney.Domain", "Barney.Domain\Barney.Domain.csproj", "{9482F798-0038-4A78-8B57-73D7AC642546}"
EndProject
Project("{9A19103F-16F7-4668-BE54-9A1E7A4F7556}") = "Barney.Data", "Barney.Data\Barney.Data.csproj", "{AAFFD798-E324-4BB3-8CFA-FEBAEEF749A3}"
EndProject
Project("{9A19103F-16F7-4668-BE54-9A1E7A4F7556}") = "Barney.Business", "Barney.Business\Barney.Business.csproj", "{D4BA8BF4-C7B3-4B2B-87AE-CFF2F5DD7D19}"
EndProject
Project("{9A19103F-16F7-4668-BE54-9A1E7A4F7556}") = "Barney.Infrastructure", "Barney.Infrastructure\Barney.Infrastructure.csproj", "{77438C0A-2782-4AAB-A4EC-9D4C08AB751C}"
EndProject
Project("{2150E333-8FDC-42A3-9474-1A3956D46DE8}") = "Tests", "Tests", "{1BCC2F44-5BB9-4AA9-ADB6-59513B585D79}"
EndProject
Project("{FAE04EC0-301F-11D3-BF4B-00C04F79EFBC}") = "Barney.Tests.Integration", "Barney.Tests.Integration\Barney.Tests.Integration.csproj", "{051EBDCD-5794-4E56-8902-E59D817CEC46}"
EndProject
Global
	GlobalSection(SolutionConfigurationPlatforms) = preSolution
		Debug|Any CPU = Debug|Any CPU
		Release|Any CPU = Release|Any CPU
	EndGlobalSection
	GlobalSection(ProjectConfigurationPlatforms) = postSolution
		{2BF275A8-8435-44C3-A017-8B3BFE78EB40}.Debug|Any CPU.ActiveCfg = Debug|Any CPU
		{2BF275A8-8435-44C3-A017-8B3BFE78EB40}.Debug|Any CPU.Build.0 = Debug|Any CPU
		{2BF275A8-8435-44C3-A017-8B3BFE78EB40}.Release|Any CPU.ActiveCfg = Release|Any CPU
		{2BF275A8-8435-44C3-A017-8B3BFE78EB40}.Release|Any CPU.Build.0 = Release|Any CPU
		{8292DBA4-1411-4FD0-8BC9-7BD2B1DCF08A}.Debug|Any CPU.ActiveCfg = Debug|Any CPU
		{8292DBA4-1411-4FD0-8BC9-7BD2B1DCF08A}.Debug|Any CPU.Build.0 = Debug|Any CPU
		{8292DBA4-1411-4FD0-8BC9-7BD2B1DCF08A}.Release|Any CPU.ActiveCfg = Release|Any CPU
		{8292DBA4-1411-4FD0-8BC9-7BD2B1DCF08A}.Release|Any CPU.Build.0 = Release|Any CPU
		{2CEBD00C-BAEF-481D-8F2C-F9D76634B224}.Debug|Any CPU.ActiveCfg = Debug|Any CPU
		{2CEBD00C-BAEF-481D-8F2C-F9D76634B224}.Debug|Any CPU.Build.0 = Debug|Any CPU
		{2CEBD00C-BAEF-481D-8F2C-F9D76634B224}.Release|Any CPU.ActiveCfg = Release|Any CPU
		{2CEBD00C-BAEF-481D-8F2C-F9D76634B224}.Release|Any CPU.Build.0 = Release|Any CPU
		{B1A50C5D-ACF8-4FC9-BDC0-6FDDA60F71DF}.Debug|Any CPU.ActiveCfg = Debug|Any CPU
		{B1A50C5D-ACF8-4FC9-BDC0-6FDDA60F71DF}.Debug|Any CPU.Build.0 = Debug|Any CPU
		{B1A50C5D-ACF8-4FC9-BDC0-6FDDA60F71DF}.Release|Any CPU.ActiveCfg = Release|Any CPU
		{B1A50C5D-ACF8-4FC9-BDC0-6FDDA60F71DF}.Release|Any CPU.Build.0 = Release|Any CPU
		{9482F798-0038-4A78-8B57-73D7AC642546}.Debug|Any CPU.ActiveCfg = Debug|Any CPU
		{9482F798-0038-4A78-8B57-73D7AC642546}.Debug|Any CPU.Build.0 = Debug|Any CPU
		{9482F798-0038-4A78-8B57-73D7AC642546}.Release|Any CPU.ActiveCfg = Release|Any CPU
		{9482F798-0038-4A78-8B57-73D7AC642546}.Release|Any CPU.Build.0 = Release|Any CPU
		{AAFFD798-E324-4BB3-8CFA-FEBAEEF749A3}.Debug|Any CPU.ActiveCfg = Debug|Any CPU
		{AAFFD798-E324-4BB3-8CFA-FEBAEEF749A3}.Debug|Any CPU.Build.0 = Debug|Any CPU
		{AAFFD798-E324-4BB3-8CFA-FEBAEEF749A3}.Release|Any CPU.ActiveCfg = Release|Any CPU
		{AAFFD798-E324-4BB3-8CFA-FEBAEEF749A3}.Release|Any CPU.Build.0 = Release|Any CPU
		{D4BA8BF4-C7B3-4B2B-87AE-CFF2F5DD7D19}.Debug|Any CPU.ActiveCfg = Debug|Any CPU
		{D4BA8BF4-C7B3-4B2B-87AE-CFF2F5DD7D19}.Debug|Any CPU.Build.0 = Debug|Any CPU
		{D4BA8BF4-C7B3-4B2B-87AE-CFF2F5DD7D19}.Release|Any CPU.ActiveCfg = Release|Any CPU
		{D4BA8BF4-C7B3-4B2B-87AE-CFF2F5DD7D19}.Release|Any CPU.Build.0 = Release|Any CPU
		{77438C0A-2782-4AAB-A4EC-9D4C08AB751C}.Debug|Any CPU.ActiveCfg = Debug|Any CPU
		{77438C0A-2782-4AAB-A4EC-9D4C08AB751C}.Debug|Any CPU.Build.0 = Debug|Any CPU
		{77438C0A-2782-4AAB-A4EC-9D4C08AB751C}.Release|Any CPU.ActiveCfg = Release|Any CPU
		{77438C0A-2782-4AAB-A4EC-9D4C08AB751C}.Release|Any CPU.Build.0 = Release|Any CPU
		{051EBDCD-5794-4E56-8902-E59D817CEC46}.Debug|Any CPU.ActiveCfg = Debug|Any CPU
		{051EBDCD-5794-4E56-8902-E59D817CEC46}.Debug|Any CPU.Build.0 = Debug|Any CPU
		{051EBDCD-5794-4E56-8902-E59D817CEC46}.Release|Any CPU.ActiveCfg = Release|Any CPU
		{051EBDCD-5794-4E56-8902-E59D817CEC46}.Release|Any CPU.Build.0 = Release|Any CPU
	EndGlobalSection
	GlobalSection(SolutionProperties) = preSolution
		HideSolutionNode = FALSE
	EndGlobalSection
	GlobalSection(NestedProjects) = preSolution
		{2BF275A8-8435-44C3-A017-8B3BFE78EB40} = {19A31811-99A6-4E45-B419-90587734621B}
		{8292DBA4-1411-4FD0-8BC9-7BD2B1DCF08A} = {19A31811-99A6-4E45-B419-90587734621B}
		{2CEBD00C-BAEF-481D-8F2C-F9D76634B224} = {19A31811-99A6-4E45-B419-90587734621B}
		{B1A50C5D-ACF8-4FC9-BDC0-6FDDA60F71DF} = {19A31811-99A6-4E45-B419-90587734621B}
		{051EBDCD-5794-4E56-8902-E59D817CEC46} = {1BCC2F44-5BB9-4AA9-ADB6-59513B585D79}
	EndGlobalSection
	GlobalSection(ExtensibilityGlobals) = postSolution
		SolutionGuid = {58134F1C-37CD-42BC-9188-48D58B2E245F}
	EndGlobalSection
EndGlobal
